
Microsoft Visual Studio Solution File, Format Version 12.00
# Visual Studio Version 16
VisualStudioVersion = 16.0.30517.126
MinimumVisualStudioVersion = 10.0.40219.1
Project("{FAE04EC0-301F-11D3-BF4B-00C04F79EFBC}") = "DontMelt", "DontMelt\DontMelt.csproj", "{89211E05-4438-474B-9AC9-55BAAF780918}"
EndProject
Global
	GlobalSection(SolutionConfigurationPlatforms) = preSolution
		Debug|x86 = Debug|x86
		Release|x86 = Release|x86
	EndGlobalSection
	GlobalSection(ProjectConfigurationPlatforms) = postSolution
		{89211E05-4438-474B-9AC9-55BAAF780918}.Debug|x86.ActiveCfg = Debug|x86
		{89211E05-4438-474B-9AC9-55BAAF780918}.Debug|x86.Build.0 = Debug|x86
		{89211E05-4438-474B-9AC9-55BAAF780918}.Release|x86.ActiveCfg = Release|x86
		{89211E05-4438-474B-9AC9-55BAAF780918}.Release|x86.Build.0 = Release|x86
	EndGlobalSection
	GlobalSection(SolutionProperties) = preSolution
		HideSolutionNode = FALSE
	EndGlobalSection
	GlobalSection(ExtensibilityGlobals) = postSolution
		SolutionGuid = {41EC03BF-8F76-4119-9B5B-671B7034D9C2}
	EndGlobalSection
EndGlobal
